
Microsoft Visual Studio Solution File, Format Version 12.00
# Visual Studio Version 17
VisualStudioVersion = 17.13.35931.197 d17.13
MinimumVisualStudioVersion = 10.0.40219.1
Project("{FAE04EC0-301F-11D3-BF4B-00C04F79EFBC}") = "FinalProject.App", "FinalProject.App\FinalProject.App.csproj", "{1EE4BECF-E4B7-4504-9D8F-50D691D4F8EA}"
EndProject
Project("{FAE04EC0-301F-11D3-BF4B-00C04F79EFBC}") = "FinalProject.Data", "FinalProject.Data\FinalProject.Data.csproj", "{1B279BCD-3A03-474D-838E-AAA829CAC716}"
EndProject
Project("{FAE04EC0-301F-11D3-BF4B-00C04F79EFBC}") = "FinalProject.Core", "FinalProject.Core\FinalProject.Core.csproj", "{5A572F3C-EC98-417D-B063-1B1AD9FB96B2}"
EndProject
Project("{FAE04EC0-301F-11D3-BF4B-00C04F79EFBC}") = "FinalProject.Services", "FinalProject.Services\FinalProject.Services.csproj", "{6F46C6DF-A31E-4087-BA37-9BB581A4E057}"
EndProject
Project("{FAE04EC0-301F-11D3-BF4B-00C04F79EFBC}") = "FinalProject.Infrastructure", "FinalProject.Infrastructure\FinalProject.Infrastructure.csproj", "{2E6BC645-0D60-42F8-B05D-7AFA09313363}"
EndProject
Global
	GlobalSection(SolutionConfigurationPlatforms) = preSolution
		Debug|Any CPU = Debug|Any CPU
		Release|Any CPU = Release|Any CPU
	EndGlobalSection
	GlobalSection(ProjectConfigurationPlatforms) = postSolution
		{1EE4BECF-E4B7-4504-9D8F-50D691D4F8EA}.Debug|Any CPU.ActiveCfg = Debug|Any CPU
		{1EE4BECF-E4B7-4504-9D8F-50D691D4F8EA}.Debug|Any CPU.Build.0 = Debug|Any CPU
		{1EE4BECF-E4B7-4504-9D8F-50D691D4F8EA}.Release|Any CPU.ActiveCfg = Release|Any CPU
		{1EE4BECF-E4B7-4504-9D8F-50D691D4F8EA}.Release|Any CPU.Build.0 = Release|Any CPU
		{1B279BCD-3A03-474D-838E-AAA829CAC716}.Debug|Any CPU.ActiveCfg = Debug|Any CPU
		{1B279BCD-3A03-474D-838E-AAA829CAC716}.Debug|Any CPU.Build.0 = Debug|Any CPU
		{1B279BCD-3A03-474D-838E-AAA829CAC716}.Release|Any CPU.ActiveCfg = Release|Any CPU
		{1B279BCD-3A03-474D-838E-AAA829CAC716}.Release|Any CPU.Build.0 = Release|Any CPU
		{5A572F3C-EC98-417D-B063-1B1AD9FB96B2}.Debug|Any CPU.ActiveCfg = Debug|Any CPU
		{5A572F3C-EC98-417D-B063-1B1AD9FB96B2}.Debug|Any CPU.Build.0 = Debug|Any CPU
		{5A572F3C-EC98-417D-B063-1B1AD9FB96B2}.Release|Any CPU.ActiveCfg = Release|Any CPU
		{5A572F3C-EC98-417D-B063-1B1AD9FB96B2}.Release|Any CPU.Build.0 = Release|Any CPU
		{6F46C6DF-A31E-4087-BA37-9BB581A4E057}.Debug|Any CPU.ActiveCfg = Debug|Any CPU
		{6F46C6DF-A31E-4087-BA37-9BB581A4E057}.Debug|Any CPU.Build.0 = Debug|Any CPU
		{6F46C6DF-A31E-4087-BA37-9BB581A4E057}.Release|Any CPU.ActiveCfg = Release|Any CPU
		{6F46C6DF-A31E-4087-BA37-9BB581A4E057}.Release|Any CPU.Build.0 = Release|Any CPU
		{2E6BC645-0D60-42F8-B05D-7AFA09313363}.Debug|Any CPU.ActiveCfg = Debug|Any CPU
		{2E6BC645-0D60-42F8-B05D-7AFA09313363}.Debug|Any CPU.Build.0 = Debug|Any CPU
		{2E6BC645-0D60-42F8-B05D-7AFA09313363}.Release|Any CPU.ActiveCfg = Release|Any CPU
		{2E6BC645-0D60-42F8-B05D-7AFA09313363}.Release|Any CPU.Build.0 = Release|Any CPU
	EndGlobalSection
	GlobalSection(SolutionProperties) = preSolution
		HideSolutionNode = FALSE
	EndGlobalSection
	GlobalSection(ExtensibilityGlobals) = postSolution
		SolutionGuid = {F9CCACD8-5505-4895-B49E-41027B8ECF18}
	EndGlobalSection
EndGlobal
